
Microsoft Visual Studio Solution File, Format Version 12.00
# Visual Studio Version 16
VisualStudioVersion = 16.0.30406.217
MinimumVisualStudioVersion = 10.0.40219.1
Project("{FAE04EC0-301F-11D3-BF4B-00C04F79EFBC}") = "HttpClientConsole", "HttpClientConsole\HttpClientConsole.csproj", "{223AD7CF-781D-4C83-9321-496DB6490825}"
EndProject
Project("{FAE04EC0-301F-11D3-BF4B-00C04F79EFBC}") = "WebAPIDemo", "WebAPIDemo\WebAPIDemo.csproj", "{88D73E89-7AC5-4D9D-9452-7098F7B3F361}"
EndProject
Project("{FAE04EC0-301F-11D3-BF4B-00C04F79EFBC}") = "BlazorAppDemo", "BlazorAppDemo\BlazorAppDemo.csproj", "{421DDBD7-D25B-4AE3-92FF-43BA3670D4CE}"
EndProject
Project("{FAE04EC0-301F-11D3-BF4B-00C04F79EFBC}") = "RefitConsole.cs", "RefitConsole.cs\RefitConsole.cs.csproj", "{C2A8DABC-690B-4A6E-A009-B0C5AAE00855}"
EndProject
Global
	GlobalSection(SolutionConfigurationPlatforms) = preSolution
		Debug|Any CPU = Debug|Any CPU
		Release|Any CPU = Release|Any CPU
	EndGlobalSection
	GlobalSection(ProjectConfigurationPlatforms) = postSolution
		{223AD7CF-781D-4C83-9321-496DB6490825}.Debug|Any CPU.ActiveCfg = Debug|Any CPU
		{223AD7CF-781D-4C83-9321-496DB6490825}.Debug|Any CPU.Build.0 = Debug|Any CPU
		{223AD7CF-781D-4C83-9321-496DB6490825}.Release|Any CPU.ActiveCfg = Release|Any CPU
		{223AD7CF-781D-4C83-9321-496DB6490825}.Release|Any CPU.Build.0 = Release|Any CPU
		{88D73E89-7AC5-4D9D-9452-7098F7B3F361}.Debug|Any CPU.ActiveCfg = Debug|Any CPU
		{88D73E89-7AC5-4D9D-9452-7098F7B3F361}.Debug|Any CPU.Build.0 = Debug|Any CPU
		{88D73E89-7AC5-4D9D-9452-7098F7B3F361}.Release|Any CPU.ActiveCfg = Release|Any CPU
		{88D73E89-7AC5-4D9D-9452-7098F7B3F361}.Release|Any CPU.Build.0 = Release|Any CPU
		{421DDBD7-D25B-4AE3-92FF-43BA3670D4CE}.Debug|Any CPU.ActiveCfg = Debug|Any CPU
		{421DDBD7-D25B-4AE3-92FF-43BA3670D4CE}.Debug|Any CPU.Build.0 = Debug|Any CPU
		{421DDBD7-D25B-4AE3-92FF-43BA3670D4CE}.Release|Any CPU.ActiveCfg = Release|Any CPU
		{421DDBD7-D25B-4AE3-92FF-43BA3670D4CE}.Release|Any CPU.Build.0 = Release|Any CPU
		{C2A8DABC-690B-4A6E-A009-B0C5AAE00855}.Debug|Any CPU.ActiveCfg = Debug|Any CPU
		{C2A8DABC-690B-4A6E-A009-B0C5AAE00855}.Debug|Any CPU.Build.0 = Debug|Any CPU
		{C2A8DABC-690B-4A6E-A009-B0C5AAE00855}.Release|Any CPU.ActiveCfg = Release|Any CPU
		{C2A8DABC-690B-4A6E-A009-B0C5AAE00855}.Release|Any CPU.Build.0 = Release|Any CPU
	EndGlobalSection
	GlobalSection(SolutionProperties) = preSolution
		HideSolutionNode = FALSE
	EndGlobalSection
	GlobalSection(ExtensibilityGlobals) = postSolution
		SolutionGuid = {528AB6D5-FD5C-4D95-B5A6-B385CE0A1B2F}
	EndGlobalSection
EndGlobal
